// !$*UTF8*$!
{
	archiveVersion = 1;
	classes = {
	};
	objectVersion = 50;
	objects = {

/* Begin PBXBuildFile section */
		A026C202242D58D400019978 /* AppDelegate.swift in Sources */ = {isa = PBXBuildFile; fileRef = A026C201242D58D400019978 /* AppDelegate.swift */; };
		A026C204242D58D400019978 /* SceneDelegate.swift in Sources */ = {isa = PBXBuildFile; fileRef = A026C203242D58D400019978 /* SceneDelegate.swift */; };
		A026C206242D58D400019978 /* XylophoneViewController.swift in Sources */ = {isa = PBXBuildFile; fileRef = A026C205242D58D400019978 /* XylophoneViewController.swift */; };
		A026C209242D58D400019978 /* Main.storyboard in Resources */ = {isa = PBXBuildFile; fileRef = A026C207242D58D400019978 /* Main.storyboard */; };
		A026C20B242D58D700019978 /* Assets.xcassets in Resources */ = {isa = PBXBuildFile; fileRef = A026C20A242D58D700019978 /* Assets.xcassets */; };
		A026C20E242D58D700019978 /* LaunchScreen.storyboard in Resources */ = {isa = PBXBuildFile; fileRef = A026C20C242D58D700019978 /* LaunchScreen.storyboard */; };
		A026C21D242D590300019978 /* D.wav in Resources */ = {isa = PBXBuildFile; fileRef = A026C216242D590300019978 /* D.wav */; };
		A026C21E242D590300019978 /* A.wav in Resources */ = {isa = PBXBuildFile; fileRef = A026C217242D590300019978 /* A.wav */; };
		A026C21F242D590300019978 /* B.wav in Resources */ = {isa = PBXBuildFile; fileRef = A026C218242D590300019978 /* B.wav */; };
		A026C220242D590300019978 /* E.wav in Resources */ = {isa = PBXBuildFile; fileRef = A026C219242D590300019978 /* E.wav */; };
		A026C221242D590300019978 /* C.wav in Resources */ = {isa = PBXBuildFile; fileRef = A026C21A242D590300019978 /* C.wav */; };
		A026C222242D590300019978 /* G.wav in Resources */ = {isa = PBXBuildFile; fileRef = A026C21B242D590300019978 /* G.wav */; };
		A026C223242D590300019978 /* F.wav in Resources */ = {isa = PBXBuildFile; fileRef = A026C21C242D590300019978 /* F.wav */; };
/* End PBXBuildFile section */

/* Begin PBXFileReference section */
		A026C1FE242D58D400019978 /* Xylophone.app */ = {isa = PBXFileReference; explicitFileType = wrapper.application; includeInIndex = 0; path = Xylophone.app; sourceTree = BUILT_PRODUCTS_DIR; };
		A026C201242D58D400019978 /* AppDelegate.swift */ = {isa = PBXFileReference; lastKnownFileType = sourcecode.swift; path = AppDelegate.swift; sourceTree = "<group>"; };
		A026C203242D58D400019978 /* SceneDelegate.swift */ = {isa = PBXFileReference; lastKnownFileType = sourcecode.swift; path = SceneDelegate.swift; sourceTree = "<group>"; };
		A026C205242D58D400019978 /* XylophoneViewController.swift */ = {isa = PBXFileReference; lastKnownFileType = sourcecode.swift; path = XylophoneViewController.swift; sourceTree = "<group>"; };
		A026C208242D58D400019978 /* Base */ = {isa = PBXFileReference; lastKnownFileType = file.storyboard; name = Base; path = Base.lproj/Main.storyboard; sourceTree = "<group>"; };
		A026C20A242D58D700019978 /* Assets.xcassets */ = {isa = PBXFileReference; lastKnownFileType = folder.assetcatalog; path = Assets.xcassets; sourceTree = "<group>"; };
		A026C20D242D58D700019978 /* Base */ = {isa = PBXFileReference; lastKnownFileType = file.storyboard; name = Base; path = Base.lproj/LaunchScreen.storyboard; sourceTree = "<group>"; };
		A026C20F242D58D700019978 /* Info.plist */ = {isa = PBXFileReference; lastKnownFileType = text.plist.xml; path = Info.plist; sourceTree = "<group>"; };
		A026C216242D590300019978 /* D.wav */ = {isa = PBXFileReference; lastKnownFileType = audio.wav; path = D.wav; sourceTree = "<group>"; };
		A026C217242D590300019978 /* A.wav */ = {isa = PBXFileReference; lastKnownFileType = audio.wav; path = A.wav; sourceTree = "<group>"; };
		A026C218242D590300019978 /* B.wav */ = {isa = PBXFileReference; lastKnownFileType = audio.wav; path = B.wav; sourceTree = "<group>"; };
		A026C219242D590300019978 /* E.wav */ = {isa = PBXFileReference; lastKnownFileType = audio.wav; path = E.wav; sourceTree = "<group>"; };
		A026C21A242D590300019978 /* C.wav */ = {isa = PBXFileReference; lastKnownFileType = audio.wav; path = C.wav; sourceTree = "<group>"; };
		A026C21B242D590300019978 /* G.wav */ = {isa = PBXFileReference; lastKnownFileType = audio.wav; path = G.wav; sourceTree = "<group>"; };
		A026C21C242D590300019978 /* F.wav */ = {isa = PBXFileReference; lastKnownFileType = audio.wav; path = F.wav; sourceTree = "<group>"; };
/* End PBXFileReference section */

/* Begin PBXFrameworksBuildPhase section */
		A026C1FB242D58D400019978 /* Frameworks */ = {
			isa = PBXFrameworksBuildPhase;
			buildActionMask = 2147483647;
			files = (
			);
			runOnlyForDeploymentPostprocessing = 0;
		};
/* End PBXFrameworksBuildPhase section */

/* Begin PBXGroup section */
		A026C1F5242D58D400019978 = {
			isa = PBXGroup;
			children = (
				A026C200242D58D400019978 /* Xylophone */,
				A026C1FF242D58D400019978 /* Products */,
			);
			sourceTree = "<group>";
		};
		A026C1FF242D58D400019978 /* Products */ = {
			isa = PBXGroup;
			children = (
				A026C1FE242D58D400019978 /* Xylophone.app */,
			);
			name = Products;
			sourceTree = "<group>";
		};
		A026C200242D58D400019978 /* Xylophone */ = {
			isa = PBXGroup;
			children = (
				A026C215242D58E400019978 /* Sounds */,
				A026C201242D58D400019978 /* AppDelegate.swift */,
				A026C203242D58D400019978 /* SceneDelegate.swift */,
				A026C205242D58D400019978 /* XylophoneViewController.swift */,
				A026C207242D58D400019978 /* Main.storyboard */,
				A026C20A242D58D700019978 /* Assets.xcassets */,
				A026C20C242D58D700019978 /* LaunchScreen.storyboard */,
				A026C20F242D58D700019978 /* Info.plist */,
			);
			path = Xylophone;
			sourceTree = "<group>";
		};
		A026C215242D58E400019978 /* Sounds */ = {
			isa = PBXGroup;
			children = (
				A026C217242D590300019978 /* A.wav */,
				A026C218242D590300019978 /* B.wav */,
				A026C21A242D590300019978 /* C.wav */,
				A026C216242D590300019978 /* D.wav */,
				A026C219242D590300019978 /* E.wav */,
				A026C21C242D590300019978 /* F.wav */,
				A026C21B242D590300019978 /* G.wav */,
			);
			path = Sounds;
			sourceTree = "<group>";
		};
/* End PBXGroup section */

/* Begin PBXNativeTarget section */
		A026C1FD242D58D400019978 /* Xylophone */ = {
			isa = PBXNativeTarget;
			buildConfigurationList = A026C212242D58D700019978 /* Build configuration list for PBXNativeTarget "Xylophone" */;
			buildPhases = (
				A026C1FA242D58D400019978 /* Sources */,
				A026C1FB242D58D400019978 /* Frameworks */,
				A026C1FC242D58D400019978 /* Resources */,
			);
			buildRules = (
			);
			dependencies = (
			);
			name = Xylophone;
			productName = Xylophone;
			productReference = A026C1FE242D58D400019978 /* Xylophone.app */;
			productType = "com.apple.product-type.application";
		};
/* End PBXNativeTarget section */

/* Begin PBXProject section */
		A026C1F6242D58D400019978 /* Project object */ = {
			isa = PBXProject;
			attributes = {
				LastSwiftUpdateCheck = 1140;
				LastUpgradeCheck = 1140;
				ORGANIZATIONNAME = "Ali Ahmadian shalchi";
				TargetAttributes = {
					A026C1FD242D58D400019978 = {
						CreatedOnToolsVersion = 11.4;
					};
				};
			};
			buildConfigurationList = A026C1F9242D58D400019978 /* Build configuration list for PBXProject "Xylophone" */;
			compatibilityVersion = "Xcode 9.3";
			developmentRegion = en;
			hasScannedForEncodings = 0;
			knownRegions = (
				en,
				Base,
			);
			mainGroup = A026C1F5242D58D400019978;
			productRefGroup = A026C1FF242D58D400019978 /* Products */;
			projectDirPath = "";
			projectRoot = "";
			targets = (
				A026C1FD242D58D400019978 /* Xylophone */,
			);
		};
/* End PBXProject section */

/* Begin PBXResourcesBuildPhase section */
		A026C1FC242D58D400019978 /* Resources */ = {
			isa = PBXResourcesBuildPhase;
			buildActionMask = 2147483647;
			files = (
				A026C222242D590300019978 /* G.wav in Resources */,
				A026C20E242D58D700019978 /* LaunchScreen.storyboard in Resources */,
				A026C21D242D590300019978 /* D.wav in Resources */,
				A026C223242D590300019978 /* F.wav in Resources */,
				A026C20B242D58D700019978 /* Assets.xcassets in Resources */,
				A026C21F242D590300019978 /* B.wav in Resources */,
				A026C221242D590300019978 /* C.wav in Resources */,
				A026C21E242D590300019978 /* A.wav in Resources */,
				A026C220242D590300019978 /* E.wav in Resources */,
				A026C209242D58D400019978 /* Main.storyboard in Resources */,
			);
			runOnlyForDeploymentPostprocessing = 0;
		};
/* End PBXResourcesBuildPhase section */

/* Begin PBXSourcesBuildPhase section */
		A026C1FA242D58D400019978 /* Sources */ = {
			isa = PBXSourcesBuildPhase;
			buildActionMask = 2147483647;
			files = (
				A026C206242D58D400019978 /* XylophoneViewController.swift in Sources */,
				A026C202242D58D400019978 /* AppDelegate.swift in Sources */,
				A026C204242D58D400019978 /* SceneDelegate.swift in Sources */,
			);
			runOnlyForDeploymentPostprocessing = 0;
		};
/* End PBXSourcesBuildPhase section */

/* Begin PBXVariantGroup section */
		A026C207242D58D400019978 /* Main.storyboard */ = {
			isa = PBXVariantGroup;
			children = (
				A026C208242D58D400019978 /* Base */,
			);
			name = Main.storyboard;
			sourceTree = "<group>";
		};
		A026C20C242D58D700019978 /* LaunchScreen.storyboard */ = {
			isa = PBXVariantGroup;
			children = (
				A026C20D242D58D700019978 /* Base */,
			);
			name = LaunchScreen.storyboard;
			sourceTree = "<group>";
		};
/* End PBXVariantGroup section */

/* Begin XCBuildConfiguration section */
		A026C210242D58D700019978 /* Debug */ = {
			isa = XCBuildConfiguration;
			buildSettings = {
				ALWAYS_SEARCH_USER_PATHS = NO;
				CLANG_ANALYZER_NONNULL = YES;
				CLANG_ANALYZER_NUMBER_OBJECT_CONVERSION = YES_AGGRESSIVE;
				CLANG_CXX_LANGUAGE_STANDARD = "gnu++14";
				CLANG_CXX_LIBRARY = "libc++";
				CLANG_ENABLE_MODULES = YES;
				CLANG_ENABLE_OBJC_ARC = YES;
				CLANG_ENABLE_OBJC_WEAK = YES;
				CLANG_WARN_BLOCK_CAPTURE_AUTORELEASING = YES;
				CLANG_WARN_BOOL_CONVERSION = YES;
				CLANG_WARN_COMMA = YES;
				CLANG_WARN_CONSTANT_CONVERSION = YES;
				CLANG_WARN_DEPRECATED_OBJC_IMPLEMENTATIONS = YES;
				CLANG_WARN_DIRECT_OBJC_ISA_USAGE = YES_ERROR;
				CLANG_WARN_DOCUMENTATION_COMMENTS = YES;
				CLANG_WARN_EMPTY_BODY = YES;
				CLANG_WARN_ENUM_CONVERSION = YES;
				CLANG_WARN_INFINITE_RECURSION = YES;
				CLANG_WARN_INT_CONVERSION = YES;
				CLANG_WARN_NON_LITERAL_NULL_CONVERSION = YES;
				CLANG_WARN_OBJC_IMPLICIT_RETAIN_SELF = YES;
				CLANG_WARN_OBJC_LITERAL_CONVERSION = YES;
				CLANG_WARN_OBJC_ROOT_CLASS = YES_ERROR;
				CLANG_WARN_RANGE_LOOP_ANALYSIS = YES;
				CLANG_WARN_STRICT_PROTOTYPES = YES;
				CLANG_WARN_SUSPICIOUS_MOVE = YES;
				CLANG_WARN_UNGUARDED_AVAILABILITY = YES_AGGRESSIVE;
				CLANG_WARN_UNREACHABLE_CODE = YES;
				CLANG_WARN__DUPLICATE_METHOD_MATCH = YES;
				COPY_PHASE_STRIP = NO;
				DEBUG_INFORMATION_FORMAT = dwarf;
				ENABLE_STRICT_OBJC_MSGSEND = YES;
				ENABLE_TESTABILITY = YES;
				GCC_C_LANGUAGE_STANDARD = gnu11;
				GCC_DYNAMIC_NO_PIC = NO;
				GCC_NO_COMMON_BLOCKS = YES;
				GCC_OPTIMIZATION_LEVEL = 0;
				GCC_PREPROCESSOR_DEFINITIONS = (
					"DEBUG=1",
					"$(inherited)",
				);
				GCC_WARN_64_TO_32_BIT_CONVERSION = YES;
				GCC_WARN_ABOUT_RETURN_TYPE = YES_ERROR;
				GCC_WARN_UNDECLARED_SELECTOR = YES;
				GCC_WARN_UNINITIALIZED_AUTOS = YES_AGGRESSIVE;
				GCC_WARN_UNUSED_FUNCTION = YES;
				GCC_WARN_UNUSED_VARIABLE = YES;
				IPHONEOS_DEPLOYMENT_TARGET = 13.4;
				MTL_ENABLE_DEBUG_INFO = INCLUDE_SOURCE;
				MTL_FAST_MATH = YES;
				ONLY_ACTIVE_ARCH = YES;
				SDKROOT = iphoneos;
				SWIFT_ACTIVE_COMPILATION_CONDITIONS = DEBUG;
				SWIFT_OPTIMIZATION_LEVEL = "-Onone";
			};
			name = Debug;
		};
		A026C211242D58D700019978 /* Release */ = {
			isa = XCBuildConfiguration;
			buildSettings = {
				ALWAYS_SEARCH_USER_PATHS = NO;
				CLANG_ANALYZER_NONNULL = YES;
				CLANG_ANALYZER_NUMBER_OBJECT_CONVERSION = YES_AGGRESSIVE;
				CLANG_CXX_LANGUAGE_STANDARD = "gnu++14";
				CLANG_CXX_LIBRARY = "libc++";
				CLANG_ENABLE_MODULES = YES;
				CLANG_ENABLE_OBJC_ARC = YES;
				CLANG_ENABLE_OBJC_WEAK = YES;
				CLANG_WARN_BLOCK_CAPTURE_AUTORELEASING = YES;
				CLANG_WARN_BOOL_CONVERSION = YES;
				CLANG_WARN_COMMA = YES;
				CLANG_WARN_CONSTANT_CONVERSION = YES;
				CLANG_WARN_DEPRECATED_OBJC_IMPLEMENTATIONS = YES;
				CLANG_WARN_DIRECT_OBJC_ISA_USAGE = YES_ERROR;
				CLANG_WARN_DOCUMENTATION_COMMENTS = YES;
				CLANG_WARN_EMPTY_BODY = YES;
				CLANG_WARN_ENUM_CONVERSION = YES;
				CLANG_WARN_INFINITE_RECURSION = YES;
				CLANG_WARN_INT_CONVERSION = YES;
				CLANG_WARN_NON_LITERAL_NULL_CONVERSION = YES;
				CLANG_WARN_OBJC_IMPLICIT_RETAIN_SELF = YES;
				CLANG_WARN_OBJC_LITERAL_CONVERSION = YES;
				CLANG_WARN_OBJC_ROOT_CLASS = YES_ERROR;
				CLANG_WARN_RANGE_LOOP_ANALYSIS = YES;
				CLANG_WARN_STRICT_PROTOTYPES = YES;
				CLANG_WARN_SUSPICIOUS_MOVE = YES;
				CLANG_WARN_UNGUARDED_AVAILABILITY = YES_AGGRESSIVE;
				CLANG_WARN_UNREACHABLE_CODE = YES;
				CLANG_WARN__DUPLICATE_METHOD_MATCH = YES;
				COPY_PHASE_STRIP = NO;
				DEBUG_INFORMATION_FORMAT = "dwarf-with-dsym";
				ENABLE_NS_ASSERTIONS = NO;
				ENABLE_STRICT_OBJC_MSGSEND = YES;
				GCC_C_LANGUAGE_STANDARD = gnu11;
				GCC_NO_COMMON_BLOCKS = YES;
				GCC_WARN_64_TO_32_BIT_CONVERSION = YES;
				GCC_WARN_ABOUT_RETURN_TYPE = YES_ERROR;
				GCC_WARN_UNDECLARED_SELECTOR = YES;
				GCC_WARN_UNINITIALIZED_AUTOS = YES_AGGRESSIVE;
				GCC_WARN_UNUSED_FUNCTION = YES;
				GCC_WARN_UNUSED_VARIABLE = YES;
				IPHONEOS_DEPLOYMENT_TARGET = 13.4;
				MTL_ENABLE_DEBUG_INFO = NO;
				MTL_FAST_MATH = YES;
				SDKROOT = iphoneos;
				SWIFT_COMPILATION_MODE = wholemodule;
				SWIFT_OPTIMIZATION_LEVEL = "-O";
				VALIDATE_PRODUCT = YES;
			};
			name = Release;
		};
		A026C213242D58D700019978 /* Debug */ = {
			isa = XCBuildConfiguration;
			buildSettings = {
				ASSETCATALOG_COMPILER_APPICON_NAME = AppIcon;
				CODE_SIGN_STYLE = Automatic;
				DEVELOPMENT_TEAM = S3XJHG6MBP;
				INFOPLIST_FILE = Xylophone/Info.plist;
				LD_RUNPATH_SEARCH_PATHS = (
					"$(inherited)",
					"@executable_path/Frameworks",
				);
				PRODUCT_BUNDLE_IDENTIFIER = com.AliAhmadian.Xylophone;
				PRODUCT_NAME = "$(TARGET_NAME)";
				SWIFT_VERSION = 5.0;
				TARGETED_DEVICE_FAMILY = "1,2";
			};
			name = Debug;
		};
		A026C214242D58D700019978 /* Release */ = {
			isa = XCBuildConfiguration;
			buildSettings = {
				ASSETCATALOG_COMPILER_APPICON_NAME = AppIcon;
				CODE_SIGN_STYLE = Automatic;
				DEVELOPMENT_TEAM = S3XJHG6MBP;
				INFOPLIST_FILE = Xylophone/Info.plist;
				LD_RUNPATH_SEARCH_PATHS = (
					"$(inherited)",
					"@executable_path/Frameworks",
				);
				PRODUCT_BUNDLE_IDENTIFIER = com.AliAhmadian.Xylophone;
				PRODUCT_NAME = "$(TARGET_NAME)";
				SWIFT_VERSION = 5.0;
				TARGETED_DEVICE_FAMILY = "1,2";
			};
			name = Release;
		};
/* End XCBuildConfiguration section */

/* Begin XCConfigurationList section */
		A026C1F9242D58D400019978 /* Build configuration list for PBXProject "Xylophone" */ = {
			isa = XCConfigurationList;
			buildConfigurations = (
				A026C210242D58D700019978 /* Debug */,
				A026C211242D58D700019978 /* Release */,
			);
			defaultConfigurationIsVisible = 0;
			defaultConfigurationName = Release;
		};
		A026C212242D58D700019978 /* Build configuration list for PBXNativeTarget "Xylophone" */ = {
			isa = XCConfigurationList;
			buildConfigurations = (
				A026C213242D58D700019978 /* Debug */,
				A026C214242D58D700019978 /* Release */,
			);
			defaultConfigurationIsVisible = 0;
			defaultConfigurationName = Release;
		};
/* End XCConfigurationList section */
	};
	rootObject = A026C1F6242D58D400019978 /* Project object */;
}
